
Microsoft Visual Studio Solution File, Format Version 12.00
# Visual Studio Version 16
VisualStudioVersion = 16.0.29709.97
MinimumVisualStudioVersion = 15.0.26124.0
Project("{6EC3EE1D-3C4E-46DD-8F32-0CC8E7565705}") = "Console", "Console\Console.fsproj", "{304C2158-0CC7-4DCF-ABD2-5DC1B9EC2C46}"
EndProject
Project("{6EC3EE1D-3C4E-46DD-8F32-0CC8E7565705}") = "Lib", "Lib\Lib.fsproj", "{F4462F7C-32E4-4B8B-AAA8-9DB8DB78B686}"
EndProject
Project("{6EC3EE1D-3C4E-46DD-8F32-0CC8E7565705}") = "Tests", "Tests\Tests.fsproj", "{17752233-C891-4EB4-91FC-75FC9B4631CE}"
EndProject
Project("{2150E333-8FDC-42A3-9474-1A3956D46DE8}") = "Solution Items", "Solution Items", "{10CBD3F3-9055-4A83-AAA6-1185DA1EE420}"
	ProjectSection(SolutionItems) = preProject
		.editorconfig = .editorconfig
	EndProjectSection
EndProject
Global
	GlobalSection(SolutionConfigurationPlatforms) = preSolution
		Debug|Any CPU = Debug|Any CPU
		Debug|x64 = Debug|x64
		Debug|x86 = Debug|x86
		Release|Any CPU = Release|Any CPU
		Release|x64 = Release|x64
		Release|x86 = Release|x86
	EndGlobalSection
	GlobalSection(ProjectConfigurationPlatforms) = postSolution
		{304C2158-0CC7-4DCF-ABD2-5DC1B9EC2C46}.Debug|Any CPU.ActiveCfg = Debug|Any CPU
		{304C2158-0CC7-4DCF-ABD2-5DC1B9EC2C46}.Debug|Any CPU.Build.0 = Debug|Any CPU
		{304C2158-0CC7-4DCF-ABD2-5DC1B9EC2C46}.Debug|x64.ActiveCfg = Debug|Any CPU
		{304C2158-0CC7-4DCF-ABD2-5DC1B9EC2C46}.Debug|x64.Build.0 = Debug|Any CPU
		{304C2158-0CC7-4DCF-ABD2-5DC1B9EC2C46}.Debug|x86.ActiveCfg = Debug|Any CPU
		{304C2158-0CC7-4DCF-ABD2-5DC1B9EC2C46}.Debug|x86.Build.0 = Debug|Any CPU
		{304C2158-0CC7-4DCF-ABD2-5DC1B9EC2C46}.Release|Any CPU.ActiveCfg = Release|Any CPU
		{304C2158-0CC7-4DCF-ABD2-5DC1B9EC2C46}.Release|Any CPU.Build.0 = Release|Any CPU
		{304C2158-0CC7-4DCF-ABD2-5DC1B9EC2C46}.Release|x64.ActiveCfg = Release|Any CPU
		{304C2158-0CC7-4DCF-ABD2-5DC1B9EC2C46}.Release|x64.Build.0 = Release|Any CPU
		{304C2158-0CC7-4DCF-ABD2-5DC1B9EC2C46}.Release|x86.ActiveCfg = Release|Any CPU
		{304C2158-0CC7-4DCF-ABD2-5DC1B9EC2C46}.Release|x86.Build.0 = Release|Any CPU
		{F4462F7C-32E4-4B8B-AAA8-9DB8DB78B686}.Debug|Any CPU.ActiveCfg = Debug|Any CPU
		{F4462F7C-32E4-4B8B-AAA8-9DB8DB78B686}.Debug|Any CPU.Build.0 = Debug|Any CPU
		{F4462F7C-32E4-4B8B-AAA8-9DB8DB78B686}.Debug|x64.ActiveCfg = Debug|Any CPU
		{F4462F7C-32E4-4B8B-AAA8-9DB8DB78B686}.Debug|x64.Build.0 = Debug|Any CPU
		{F4462F7C-32E4-4B8B-AAA8-9DB8DB78B686}.Debug|x86.ActiveCfg = Debug|Any CPU
		{F4462F7C-32E4-4B8B-AAA8-9DB8DB78B686}.Debug|x86.Build.0 = Debug|Any CPU
		{F4462F7C-32E4-4B8B-AAA8-9DB8DB78B686}.Release|Any CPU.ActiveCfg = Release|Any CPU
		{F4462F7C-32E4-4B8B-AAA8-9DB8DB78B686}.Release|Any CPU.Build.0 = Release|Any CPU
		{F4462F7C-32E4-4B8B-AAA8-9DB8DB78B686}.Release|x64.ActiveCfg = Release|Any CPU
		{F4462F7C-32E4-4B8B-AAA8-9DB8DB78B686}.Release|x64.Build.0 = Release|Any CPU
		{F4462F7C-32E4-4B8B-AAA8-9DB8DB78B686}.Release|x86.ActiveCfg = Release|Any CPU
		{F4462F7C-32E4-4B8B-AAA8-9DB8DB78B686}.Release|x86.Build.0 = Release|Any CPU
		{17752233-C891-4EB4-91FC-75FC9B4631CE}.Debug|Any CPU.ActiveCfg = Debug|Any CPU
		{17752233-C891-4EB4-91FC-75FC9B4631CE}.Debug|Any CPU.Build.0 = Debug|Any CPU
		{17752233-C891-4EB4-91FC-75FC9B4631CE}.Debug|x64.ActiveCfg = Debug|Any CPU
		{17752233-C891-4EB4-91FC-75FC9B4631CE}.Debug|x64.Build.0 = Debug|Any CPU
		{17752233-C891-4EB4-91FC-75FC9B4631CE}.Debug|x86.ActiveCfg = Debug|Any CPU
		{17752233-C891-4EB4-91FC-75FC9B4631CE}.Debug|x86.Build.0 = Debug|Any CPU
		{17752233-C891-4EB4-91FC-75FC9B4631CE}.Release|Any CPU.ActiveCfg = Release|Any CPU
		{17752233-C891-4EB4-91FC-75FC9B4631CE}.Release|Any CPU.Build.0 = Release|Any CPU
		{17752233-C891-4EB4-91FC-75FC9B4631CE}.Release|x64.ActiveCfg = Release|Any CPU
		{17752233-C891-4EB4-91FC-75FC9B4631CE}.Release|x64.Build.0 = Release|Any CPU
		{17752233-C891-4EB4-91FC-75FC9B4631CE}.Release|x86.ActiveCfg = Release|Any CPU
		{17752233-C891-4EB4-91FC-75FC9B4631CE}.Release|x86.Build.0 = Release|Any CPU
	EndGlobalSection
	GlobalSection(SolutionProperties) = preSolution
		HideSolutionNode = FALSE
	EndGlobalSection
	GlobalSection(ExtensibilityGlobals) = postSolution
		SolutionGuid = {18AC4B73-F485-4479-ABD8-03ABCD14448F}
	EndGlobalSection
EndGlobal
